{
  "name": "ble-analyzer-gui",
  "version": "0.1.0",
  "lockfileVersion": 1,
  "requires": true,
  "dependencies": {
    "stream-chain": {
      "version": "2.2.3",
      "resolved": "https://registry.npmjs.org/stream-chain/-/stream-chain-2.2.3.tgz",
      "integrity": "sha512-w+WgmCZ6BItPAD3/4HD1eDiDHRLhjSSyIV+F0kcmmRyz8Uv9hvQF22KyaiAUmOlmX3pJ6F95h+C191UbS8Oe/g=="
    },
    "stream-json": {
      "version": "1.7.1",
      "resolved": "https://registry.npmjs.org/stream-json/-/stream-json-1.7.1.tgz",
      "integrity": "sha512-I7g0IDqvdJXbJ279/D3ZoTx0VMhmKnEF7u38CffeWdF8bfpMPsLo+5fWnkNjO2GU/JjWaRjdH+zmH03q+XGXFw==",
      "requires": {
        "stream-chain": "^2.2.3"
      }
    }
  }
}
